
Microsoft Visual Studio Solution File, Format Version 12.00
# Visual Studio Version 17
VisualStudioVersion = 17.1.32210.238
MinimumVisualStudioVersion = 10.0.40219.1
Project("{FAE04EC0-301F-11D3-BF4B-00C04F79EFBC}") = "modul7_1302204060", "modul7_1302204060\modul7_1302204060.csproj", "{455EFC43-36F6-4B2E-9E25-42AA8D6C1DB3}"
EndProject
Global
	GlobalSection(SolutionConfigurationPlatforms) = preSolution
		Debug|Any CPU = Debug|Any CPU
		Release|Any CPU = Release|Any CPU
	EndGlobalSection
	GlobalSection(ProjectConfigurationPlatforms) = postSolution
		{455EFC43-36F6-4B2E-9E25-42AA8D6C1DB3}.Debug|Any CPU.ActiveCfg = Debug|Any CPU
		{455EFC43-36F6-4B2E-9E25-42AA8D6C1DB3}.Debug|Any CPU.Build.0 = Debug|Any CPU
		{455EFC43-36F6-4B2E-9E25-42AA8D6C1DB3}.Release|Any CPU.ActiveCfg = Release|Any CPU
		{455EFC43-36F6-4B2E-9E25-42AA8D6C1DB3}.Release|Any CPU.Build.0 = Release|Any CPU
	EndGlobalSection
	GlobalSection(SolutionProperties) = preSolution
		HideSolutionNode = FALSE
	EndGlobalSection
	GlobalSection(ExtensibilityGlobals) = postSolution
		SolutionGuid = {1EF1F595-2A1A-4CD6-B1E1-9F403848F821}
	EndGlobalSection
EndGlobal
